
Microsoft Visual Studio Solution File, Format Version 12.00
# Visual Studio Version 16
VisualStudioVersion = 16.0.31911.196
MinimumVisualStudioVersion = 10.0.40219.1
Project("{FAE04EC0-301F-11D3-BF4B-00C04F79EFBC}") = "CDFStaffManagement", "CDFStaffManagement.csproj", "{AFA6D79D-7A12-475F-9882-CF536F5FA456}"
EndProject
Global
	GlobalSection(SolutionConfigurationPlatforms) = preSolution
		Debug|Any CPU = Debug|Any CPU
		Release|Any CPU = Release|Any CPU
	EndGlobalSection
	GlobalSection(ProjectConfigurationPlatforms) = postSolution
		{AFA6D79D-7A12-475F-9882-CF536F5FA456}.Debug|Any CPU.ActiveCfg = Debug|Any CPU
		{AFA6D79D-7A12-475F-9882-CF536F5FA456}.Debug|Any CPU.Build.0 = Debug|Any CPU
		{AFA6D79D-7A12-475F-9882-CF536F5FA456}.Release|Any CPU.ActiveCfg = Release|Any CPU
		{AFA6D79D-7A12-475F-9882-CF536F5FA456}.Release|Any CPU.Build.0 = Release|Any CPU
	EndGlobalSection
	GlobalSection(SolutionProperties) = preSolution
		HideSolutionNode = FALSE
	EndGlobalSection
	GlobalSection(ExtensibilityGlobals) = postSolution
		SolutionGuid = {B64D506C-9483-4CA5-807D-79AD6A5B36A1}
	EndGlobalSection
EndGlobal
